; Summary: Proxy Switchy! Exported Rule List
; Date: 4/20/2023
; Website: http://bit.ly/proxyswitchy

#BEGIN

[wildcard]
*://*.instagram.com/*
*://*.taboola.com/*
*://*.google-analytics.com/*
*://*.googlesyndication.com/*
*://*.castbox.fm
*://*.linksynergy.com/*
*://*.doubleclick.net
*://*.googleadservices.com/*
*://*.gstatic.com/*
*://*.kucoin.com/*
*://*.google.com/*
*://*.staticimg.com/*
*://*.kucoin.plus
*://*.amazonaws.com/*
*://*.google.com/*.hk
*://*.staticimg.co
*://*.geevisit.com/*
*://*.paessler.com/*
*://*.shareasale.com/*
*://*.vpsserver.com/*
*://*.inmotionhosting.com/*
*://*.exodus.com/*
*://*.trustwallet.com/*
*://*.buybycrypto.shop
*://*.abacohosting.com/*
*://*.bitnewsbot.com/*
*://*.blockonomi.com/*
*://*.namesilo.com/*
*://*.shinjiru.com/*
*://*.abelohost.com/*
*://*.hostwinds.com/*
*://*.cherryservers.com/*
*://*.host-stage.net
*://*.updateland.com/*
*://*.coingate.com/*
*://*.coinzodiac.com/*
*://*.buybycryptocurrency.com/*
*://*.lightnode.com/*
*://*.bing.com/*
*://*.op-net.com/*
*://*.tendacn.com/*
*://*.cnbc.com/*
*://*.capital.com/*
*://*.alpariforex.org
*://*.alpari.com/*
*://*.freenom.com/*
*://*.greatfire.org
*://*.medium.com/*
*://*.jrs-s.net
*://*.reddit.com/*
*://*.jerrington.me
*://*.youtu.be
*://*.mashable.com/*
*://*.com/*puterworld.com/*
*://*.rightinbox.com/*
*://*.jasper.ai
*://*.noip.com/*
*://*.yandex.ru
*://*.iranserver.com/*
*://*.s81c.com/*
*://*.doprax.com/*
*://*.getoutline.org
*://*.ping.pe
*://*.r.appspot.com/*
*://*.jasonsavard.com/*
*://*.omahaproxy.appspot.com/*
*://*.siemenstutorials.pw
*://*.enamad.ir
*://*.useinsider.com/*
*://*.mql5.com/*
*://*.radiojavan.com/*
*://*.media-rj.com/*
*://*.rjassets.com/*
*://*.avatrade.de
*://*.trade-area.com/*
*://*.plus500.com/*
*://*.google.de
*://*.telekom.net
*://*.adform.net
*://*.telekom-dienste.de
*://*.xplosion.de
*://*.facebook.com/*
*://*.mateti.net
*://*.telekom.de
*://*.tiqcdn.com/*
*://*.speedtest.net
*://*.t.me
*://*.theserverside.com/*
*://*.ytimg.com/*
*://*.jnn-pa.googleapis.com/*
*://*.youtube.com/*
*://*.softether.org
*://*.streisandeffect-demo.s3-website.us-east-2.amazonaws.com/*
*://*.apple.com/*
*://*.fbs.com/*
*://*.facebook.net
*://*.klaviyo.com/*
*://*.foxchapelpublishing.com/*
*://*.ishosting.com/*
*://*.com/*paritech.com/*
*://*.security.org
*://*.gold-i.com/*
*://*.ipinfo.io
*://*.indicatorspot.com/*
*://*.profitserver.pro
*://*.aeza.net
*://*.cloudflare.com/*
*://*.topchange.net
*://*.ggpht.com/*
*://*.v2ray.com/*
*://*.t.co
*://*.twitter.com/*
*://*.geetest.com/*
*://*.ig.com/*
*://*.eum-appdynamics.com/*
*://*.c-dn.net
*://*.myfxbook.com/*
*://*.toppayment.net
*://*.static-amarkets.com/*
*://*.du3b.com/*
*://*.auth-app.net
*://*.amarkets.*://*
*://*.cdninstagram.com/*
*://*.recaptcha.net
*://*.pinimg.com/*
*://*.pinterest.de
*://*.twimg.com/*
*://*.linktr.ee
*://*.skk.moe
*://*.highcpmrevenuenetwork.com/*
*://*.illuminatelocks.com/*
*://*.bonds.id
*://*.sshkit.com/*
*://*.toppayment.org
*://*.zendesk.com/*
*://*.googlevideo.com/*
*://*.azure.com/*
*://*.microsoft.com/*
*://*.tradingview.com/*



[regexp]


#END
